
Microsoft Visual Studio Solution File, Format Version 12.00
# Visual Studio Version 17
VisualStudioVersion = 17.10.34928.147
MinimumVisualStudioVersion = 10.0.40219.1
Project("{9A19103F-16F7-4668-BE54-9A1E7A4F7556}") = "Atelier_2", "Atelier_2.csproj", "{822656E2-6B17-4338-A30B-944AE7C49A30}"
EndProject
Global
	GlobalSection(SolutionConfigurationPlatforms) = preSolution
		Debug|Any CPU = Debug|Any CPU
		Release|Any CPU = Release|Any CPU
	EndGlobalSection
	GlobalSection(ProjectConfigurationPlatforms) = postSolution
		{822656E2-6B17-4338-A30B-944AE7C49A30}.Debug|Any CPU.ActiveCfg = Debug|Any CPU
		{822656E2-6B17-4338-A30B-944AE7C49A30}.Debug|Any CPU.Build.0 = Debug|Any CPU
		{822656E2-6B17-4338-A30B-944AE7C49A30}.Release|Any CPU.ActiveCfg = Release|Any CPU
		{822656E2-6B17-4338-A30B-944AE7C49A30}.Release|Any CPU.Build.0 = Release|Any CPU
	EndGlobalSection
	GlobalSection(SolutionProperties) = preSolution
		HideSolutionNode = FALSE
	EndGlobalSection
	GlobalSection(ExtensibilityGlobals) = postSolution
		SolutionGuid = {88FB5075-E552-4B5B-AE00-DE33E1B1F3F4}
	EndGlobalSection
EndGlobal
